
Microsoft Visual Studio Solution File, Format Version 12.00
# Visual Studio Version 17
VisualStudioVersion = 17.2.32616.157
MinimumVisualStudioVersion = 10.0.40219.1
Project("{FAE04EC0-301F-11D3-BF4B-00C04F79EFBC}") = "GerenciamentoEscolar", "GerenciamentoEscolar.csproj", "{535EA65C-1B3B-4B38-A181-BDDDD36EDBB7}"
EndProject
Global
	GlobalSection(SolutionConfigurationPlatforms) = preSolution
		Debug|Any CPU = Debug|Any CPU
		Release|Any CPU = Release|Any CPU
	EndGlobalSection
	GlobalSection(ProjectConfigurationPlatforms) = postSolution
		{535EA65C-1B3B-4B38-A181-BDDDD36EDBB7}.Debug|Any CPU.ActiveCfg = Debug|Any CPU
		{535EA65C-1B3B-4B38-A181-BDDDD36EDBB7}.Debug|Any CPU.Build.0 = Debug|Any CPU
		{535EA65C-1B3B-4B38-A181-BDDDD36EDBB7}.Release|Any CPU.ActiveCfg = Release|Any CPU
		{535EA65C-1B3B-4B38-A181-BDDDD36EDBB7}.Release|Any CPU.Build.0 = Release|Any CPU
	EndGlobalSection
	GlobalSection(SolutionProperties) = preSolution
		HideSolutionNode = FALSE
	EndGlobalSection
	GlobalSection(ExtensibilityGlobals) = postSolution
		SolutionGuid = {A9184E2A-1CF6-410B-80F8-EC34100BC49C}
	EndGlobalSection
EndGlobal
